
Microsoft Visual Studio Solution File, Format Version 12.00
# Visual Studio Version 16
VisualStudioVersion = 16.0.29209.62
MinimumVisualStudioVersion = 10.0.40219.1
Project("{FAE04EC0-301F-11D3-BF4B-00C04F79EFBC}") = "BenchmarkFloatVsDouble", "BenchmarkFloatVsDouble\BenchmarkFloatVsDouble.csproj", "{06A27760-0C4C-4E3F-98E0-380F1C42C797}"
EndProject
Project("{2150E333-8FDC-42A3-9474-1A3956D46DE8}") = "Report", "Report", "{2638377C-17CB-4320-A387-D5BB028E76DA}"
	ProjectSection(SolutionItems) = preProject
		Compare IL - Func2Double vs Func2Float.png = Compare IL - Func2Double vs Func2Float.png
		Puzzling results.txt = Puzzling results.txt
	EndProjectSection
EndProject
Global
	GlobalSection(SolutionConfigurationPlatforms) = preSolution
		Debug|Any CPU = Debug|Any CPU
		Debug|x64 = Debug|x64
		Debug|x86 = Debug|x86
		Release|Any CPU = Release|Any CPU
		Release|x64 = Release|x64
		Release|x86 = Release|x86
	EndGlobalSection
	GlobalSection(ProjectConfigurationPlatforms) = postSolution
		{06A27760-0C4C-4E3F-98E0-380F1C42C797}.Debug|Any CPU.ActiveCfg = Debug|Any CPU
		{06A27760-0C4C-4E3F-98E0-380F1C42C797}.Debug|Any CPU.Build.0 = Debug|Any CPU
		{06A27760-0C4C-4E3F-98E0-380F1C42C797}.Debug|x64.ActiveCfg = Debug|x64
		{06A27760-0C4C-4E3F-98E0-380F1C42C797}.Debug|x64.Build.0 = Debug|x64
		{06A27760-0C4C-4E3F-98E0-380F1C42C797}.Debug|x86.ActiveCfg = Debug|x86
		{06A27760-0C4C-4E3F-98E0-380F1C42C797}.Debug|x86.Build.0 = Debug|x86
		{06A27760-0C4C-4E3F-98E0-380F1C42C797}.Release|Any CPU.ActiveCfg = Release|Any CPU
		{06A27760-0C4C-4E3F-98E0-380F1C42C797}.Release|Any CPU.Build.0 = Release|Any CPU
		{06A27760-0C4C-4E3F-98E0-380F1C42C797}.Release|x64.ActiveCfg = Release|x64
		{06A27760-0C4C-4E3F-98E0-380F1C42C797}.Release|x64.Build.0 = Release|x64
		{06A27760-0C4C-4E3F-98E0-380F1C42C797}.Release|x86.ActiveCfg = Release|x86
		{06A27760-0C4C-4E3F-98E0-380F1C42C797}.Release|x86.Build.0 = Release|x86
	EndGlobalSection
	GlobalSection(SolutionProperties) = preSolution
		HideSolutionNode = FALSE
	EndGlobalSection
	GlobalSection(ExtensibilityGlobals) = postSolution
		SolutionGuid = {B21E1905-C11F-42E3-85C0-38DEFA72D856}
	EndGlobalSection
EndGlobal
